
Microsoft Visual Studio Solution File, Format Version 12.00
# Visual Studio 15
VisualStudioVersion = 15.0.27428.2005
MinimumVisualStudioVersion = 10.0.40219.1
Project("{9A19103F-16F7-4668-BE54-9A1E7A4F7556}") = "SQLCompare.UI", "SQLCompare.UI\SQLCompare.UI.csproj", "{E204594D-3E7E-4EBA-8441-87560A5C02C4}"
EndProject
Project("{9A19103F-16F7-4668-BE54-9A1E7A4F7556}") = "SQLCompare.Core", "SQLCompare.Core\SQLCompare.Core.csproj", "{BDC43A74-7059-42A1-8928-B5EFE8350BD0}"
EndProject
Project("{9092AA53-FB77-4645-B42D-1CCCA6BD08BD}") = "SQLCompare", "SQLCompare\SQLCompare.njsproj", "{C84DD647-A041-40AA-8198-C57CD25D7A2C}"
EndProject
Project("{9A19103F-16F7-4668-BE54-9A1E7A4F7556}") = "SQLCompare.Test", "SQLCompare.Test\SQLCompare.Test.csproj", "{0A716609-3C39-4B71-8B39-2CF59704F9D8}"
EndProject
Project("{2150E333-8FDC-42A3-9474-1A3956D46DE8}") = "Solution Items", "Solution Items", "{EB87FDBE-CC7F-4AD6-BD06-1425586DEEDD}"
	ProjectSection(SolutionItems) = preProject
		CodeAnalysis.ruleset = CodeAnalysis.ruleset
		CreateInstaller.bat = CreateInstaller.bat
		pre-commit-hook.sh = pre-commit-hook.sh
		RunTests.bat = RunTests.bat
		tslint.json = tslint.json
		tslint.targets = tslint.targets
	EndProjectSection
EndProject
Project("{2150E333-8FDC-42A3-9474-1A3956D46DE8}") = "01 - Core", "01 - Core", "{733A9DC5-8F1A-4056-BAEA-EFF4A3F3E726}"
EndProject
Project("{2150E333-8FDC-42A3-9474-1A3956D46DE8}") = "02 - Services", "02 - Services", "{02B9ABF6-5351-4EED-8153-152B695C7D4D}"
EndProject
Project("{2150E333-8FDC-42A3-9474-1A3956D46DE8}") = "03 - Infrastructure", "03 - Infrastructure", "{6FD1F4D5-2B95-4A61-8394-00B8F0640B17}"
EndProject
Project("{2150E333-8FDC-42A3-9474-1A3956D46DE8}") = "04 - UI", "04 - UI", "{C87AF401-6CB2-4E53-8F5F-8E555FF98333}"
EndProject
Project("{2150E333-8FDC-42A3-9474-1A3956D46DE8}") = "05 - Test", "05 - Test", "{052FF94E-0C3E-4984-A4AC-B49F9F96C79B}"
EndProject
Project("{9A19103F-16F7-4668-BE54-9A1E7A4F7556}") = "SQLCompare.Services", "SQLCompare.Services\SQLCompare.Services.csproj", "{436CFDBA-5470-492A-BF73-CAC81FFB708E}"
EndProject
Project("{9A19103F-16F7-4668-BE54-9A1E7A4F7556}") = "SQLCompare.Infrastructure", "SQLCompare.Infrastructure\SQLCompare.Infrastructure.csproj", "{327DD284-6D4E-4299-9570-13DD7608DE50}"
EndProject
Global
	GlobalSection(SolutionConfigurationPlatforms) = preSolution
		Debug|Any CPU = Debug|Any CPU
		Release|Any CPU = Release|Any CPU
	EndGlobalSection
	GlobalSection(ProjectConfigurationPlatforms) = postSolution
		{E204594D-3E7E-4EBA-8441-87560A5C02C4}.Debug|Any CPU.ActiveCfg = Debug|Any CPU
		{E204594D-3E7E-4EBA-8441-87560A5C02C4}.Debug|Any CPU.Build.0 = Debug|Any CPU
		{E204594D-3E7E-4EBA-8441-87560A5C02C4}.Release|Any CPU.ActiveCfg = Release|Any CPU
		{E204594D-3E7E-4EBA-8441-87560A5C02C4}.Release|Any CPU.Build.0 = Release|Any CPU
		{BDC43A74-7059-42A1-8928-B5EFE8350BD0}.Debug|Any CPU.ActiveCfg = Debug|Any CPU
		{BDC43A74-7059-42A1-8928-B5EFE8350BD0}.Debug|Any CPU.Build.0 = Debug|Any CPU
		{BDC43A74-7059-42A1-8928-B5EFE8350BD0}.Release|Any CPU.ActiveCfg = Release|Any CPU
		{BDC43A74-7059-42A1-8928-B5EFE8350BD0}.Release|Any CPU.Build.0 = Release|Any CPU
		{C84DD647-A041-40AA-8198-C57CD25D7A2C}.Debug|Any CPU.ActiveCfg = Debug|Any CPU
		{C84DD647-A041-40AA-8198-C57CD25D7A2C}.Debug|Any CPU.Build.0 = Debug|Any CPU
		{C84DD647-A041-40AA-8198-C57CD25D7A2C}.Release|Any CPU.ActiveCfg = Release|Any CPU
		{C84DD647-A041-40AA-8198-C57CD25D7A2C}.Release|Any CPU.Build.0 = Release|Any CPU
		{0A716609-3C39-4B71-8B39-2CF59704F9D8}.Debug|Any CPU.ActiveCfg = Debug|Any CPU
		{0A716609-3C39-4B71-8B39-2CF59704F9D8}.Debug|Any CPU.Build.0 = Debug|Any CPU
		{0A716609-3C39-4B71-8B39-2CF59704F9D8}.Release|Any CPU.ActiveCfg = Release|Any CPU
		{0A716609-3C39-4B71-8B39-2CF59704F9D8}.Release|Any CPU.Build.0 = Release|Any CPU
		{436CFDBA-5470-492A-BF73-CAC81FFB708E}.Debug|Any CPU.ActiveCfg = Debug|Any CPU
		{436CFDBA-5470-492A-BF73-CAC81FFB708E}.Debug|Any CPU.Build.0 = Debug|Any CPU
		{436CFDBA-5470-492A-BF73-CAC81FFB708E}.Release|Any CPU.ActiveCfg = Release|Any CPU
		{436CFDBA-5470-492A-BF73-CAC81FFB708E}.Release|Any CPU.Build.0 = Release|Any CPU
		{327DD284-6D4E-4299-9570-13DD7608DE50}.Debug|Any CPU.ActiveCfg = Debug|Any CPU
		{327DD284-6D4E-4299-9570-13DD7608DE50}.Debug|Any CPU.Build.0 = Debug|Any CPU
		{327DD284-6D4E-4299-9570-13DD7608DE50}.Release|Any CPU.ActiveCfg = Release|Any CPU
		{327DD284-6D4E-4299-9570-13DD7608DE50}.Release|Any CPU.Build.0 = Release|Any CPU
	EndGlobalSection
	GlobalSection(SolutionProperties) = preSolution
		HideSolutionNode = FALSE
	EndGlobalSection
	GlobalSection(NestedProjects) = preSolution
		{E204594D-3E7E-4EBA-8441-87560A5C02C4} = {C87AF401-6CB2-4E53-8F5F-8E555FF98333}
		{BDC43A74-7059-42A1-8928-B5EFE8350BD0} = {733A9DC5-8F1A-4056-BAEA-EFF4A3F3E726}
		{C84DD647-A041-40AA-8198-C57CD25D7A2C} = {C87AF401-6CB2-4E53-8F5F-8E555FF98333}
		{0A716609-3C39-4B71-8B39-2CF59704F9D8} = {052FF94E-0C3E-4984-A4AC-B49F9F96C79B}
		{436CFDBA-5470-492A-BF73-CAC81FFB708E} = {02B9ABF6-5351-4EED-8153-152B695C7D4D}
		{327DD284-6D4E-4299-9570-13DD7608DE50} = {6FD1F4D5-2B95-4A61-8394-00B8F0640B17}
	EndGlobalSection
	GlobalSection(ExtensibilityGlobals) = postSolution
		SolutionGuid = {C1C5D5BC-124E-4706-BF7E-E08EA154F827}
	EndGlobalSection
EndGlobal
