Microsoft Visual Studio Solution File, Format Version 12.00
# Visual Studio Version 17
VisualStudioVersion = 17.1.32421.90
MinimumVisualStudioVersion = 10.0.40219.1
Project("{9A19103F-16F7-4668-BE54-9A1E7A4F7556}") = "SQLSchemaCompare.UI", "SQLSchemaCompare.UI\SQLSchemaCompare.UI.csproj", "{E204594D-3E7E-4EBA-8441-87560A5C02C4}"
EndProject
Project("{9A19103F-16F7-4668-BE54-9A1E7A4F7556}") = "SQLSchemaCompare.Core", "SQLSchemaCompare.Core\SQLSchemaCompare.Core.csproj", "{BDC43A74-7059-42A1-8928-B5EFE8350BD0}"
EndProject
Project("{9A19103F-16F7-4668-BE54-9A1E7A4F7556}") = "SQLSchemaCompare.Test", "SQLSchemaCompare.Test\SQLSchemaCompare.Test.csproj", "{0A716609-3C39-4B71-8B39-2CF59704F9D8}"
EndProject
Project("{2150E333-8FDC-42A3-9474-1A3956D46DE8}") = "00 - Solution Items", "00 - Solution Items", "{EB87FDBE-CC7F-4AD6-BD06-1425586DEEDD}"
	ProjectSection(SolutionItems) = preProject
		.editorconfig = .editorconfig
		.gitignore = .gitignore
		CodeAnalysis.ruleset = CodeAnalysis.ruleset
		CreateInstallerCommon.bat = CreateInstallerCommon.bat
		CreateInstallerLinux.bat = CreateInstallerLinux.bat
		CreateInstallerOSX.bat = CreateInstallerOSX.bat
		CreateInstallerWin.bat = CreateInstallerWin.bat
		LICENSE = LICENSE
		pre-commit-hook.sh = pre-commit-hook.sh
		README.md = README.md
		RunTests.bat = RunTests.bat
		SonarLint.xml = SonarLint.xml
	EndProjectSection
EndProject
Project("{2150E333-8FDC-42A3-9474-1A3956D46DE8}") = "01 - Core", "01 - Core", "{733A9DC5-8F1A-4056-BAEA-EFF4A3F3E726}"
EndProject
Project("{2150E333-8FDC-42A3-9474-1A3956D46DE8}") = "02 - Services", "02 - Services", "{02B9ABF6-5351-4EED-8153-152B695C7D4D}"
EndProject
Project("{2150E333-8FDC-42A3-9474-1A3956D46DE8}") = "03 - Infrastructure", "03 - Infrastructure", "{6FD1F4D5-2B95-4A61-8394-00B8F0640B17}"
EndProject
Project("{2150E333-8FDC-42A3-9474-1A3956D46DE8}") = "04 - UI", "04 - UI", "{C87AF401-6CB2-4E53-8F5F-8E555FF98333}"
EndProject
Project("{2150E333-8FDC-42A3-9474-1A3956D46DE8}") = "05 - Test", "05 - Test", "{052FF94E-0C3E-4984-A4AC-B49F9F96C79B}"
EndProject
Project("{9A19103F-16F7-4668-BE54-9A1E7A4F7556}") = "SQLSchemaCompare.Services", "SQLSchemaCompare.Services\SQLSchemaCompare.Services.csproj", "{436CFDBA-5470-492A-BF73-CAC81FFB708E}"
EndProject
Project("{9A19103F-16F7-4668-BE54-9A1E7A4F7556}") = "SQLSchemaCompare.Infrastructure", "SQLSchemaCompare.Infrastructure\SQLSchemaCompare.Infrastructure.csproj", "{327DD284-6D4E-4299-9570-13DD7608DE50}"
EndProject
Project("{9A19103F-16F7-4668-BE54-9A1E7A4F7556}") = "SQLSchemaCompare.CLI", "SQLSchemaCompare.CLI\SQLSchemaCompare.CLI.csproj", "{8BB3FF46-0892-4763-96C4-8501B0EA35F9}"
EndProject
Project("{54A90642-561A-4BB1-A94E-469ADEE60C69}") = "SQLSchemaCompare", "SQLSchemaCompare\SQLSchemaCompare.esproj", "{4F3E0A82-DD03-4F77-8575-855B9481475B}"
EndProject
Project("{2150E333-8FDC-42A3-9474-1A3956D46DE8}") = ".github", ".github", "{F5A2A400-C955-4D11-8436-2D26A2C195C0}"
EndProject
Project("{2150E333-8FDC-42A3-9474-1A3956D46DE8}") = "workflows", "workflows", "{C4B2019D-D746-49D3-A248-3E3C602BCFA4}"
	ProjectSection(SolutionItems) = preProject
		.github\workflows\integration-tests.yml = .github\workflows\integration-tests.yml
		.github\workflows\release.yml = .github\workflows\release.yml
		.github\workflows\unit-tests.yml = .github\workflows\unit-tests.yml
	EndProjectSection
EndProject
Project("{2150E333-8FDC-42A3-9474-1A3956D46DE8}") = "images", "images", "{3D383B1E-D7C4-4915-9D43-6A064B3ACA2D}"
	ProjectSection(SolutionItems) = preProject
		images\sqlcompare-screenshot1.png = images\sqlcompare-screenshot1.png
		images\sqlcompare-screenshot2.png = images\sqlcompare-screenshot2.png
		images\sqlcompare-screenshot3.png = images\sqlcompare-screenshot3.png
	EndProjectSection
EndProject
Global
	GlobalSection(SolutionConfigurationPlatforms) = preSolution
		Debug|Any CPU = Debug|Any CPU
		Release|Any CPU = Release|Any CPU
	EndGlobalSection
	GlobalSection(ProjectConfigurationPlatforms) = postSolution
		{E204594D-3E7E-4EBA-8441-87560A5C02C4}.Debug|Any CPU.ActiveCfg = Debug|Any CPU
		{E204594D-3E7E-4EBA-8441-87560A5C02C4}.Debug|Any CPU.Build.0 = Debug|Any CPU
		{E204594D-3E7E-4EBA-8441-87560A5C02C4}.Release|Any CPU.ActiveCfg = Release|Any CPU
		{E204594D-3E7E-4EBA-8441-87560A5C02C4}.Release|Any CPU.Build.0 = Release|Any CPU
		{BDC43A74-7059-42A1-8928-B5EFE8350BD0}.Debug|Any CPU.ActiveCfg = Debug|Any CPU
		{BDC43A74-7059-42A1-8928-B5EFE8350BD0}.Debug|Any CPU.Build.0 = Debug|Any CPU
		{BDC43A74-7059-42A1-8928-B5EFE8350BD0}.Release|Any CPU.ActiveCfg = Release|Any CPU
		{BDC43A74-7059-42A1-8928-B5EFE8350BD0}.Release|Any CPU.Build.0 = Release|Any CPU
		{0A716609-3C39-4B71-8B39-2CF59704F9D8}.Debug|Any CPU.ActiveCfg = Debug|Any CPU
		{0A716609-3C39-4B71-8B39-2CF59704F9D8}.Debug|Any CPU.Build.0 = Debug|Any CPU
		{0A716609-3C39-4B71-8B39-2CF59704F9D8}.Release|Any CPU.ActiveCfg = Release|Any CPU
		{0A716609-3C39-4B71-8B39-2CF59704F9D8}.Release|Any CPU.Build.0 = Release|Any CPU
		{436CFDBA-5470-492A-BF73-CAC81FFB708E}.Debug|Any CPU.ActiveCfg = Debug|Any CPU
		{436CFDBA-5470-492A-BF73-CAC81FFB708E}.Debug|Any CPU.Build.0 = Debug|Any CPU
		{436CFDBA-5470-492A-BF73-CAC81FFB708E}.Release|Any CPU.ActiveCfg = Release|Any CPU
		{436CFDBA-5470-492A-BF73-CAC81FFB708E}.Release|Any CPU.Build.0 = Release|Any CPU
		{327DD284-6D4E-4299-9570-13DD7608DE50}.Debug|Any CPU.ActiveCfg = Debug|Any CPU
		{327DD284-6D4E-4299-9570-13DD7608DE50}.Debug|Any CPU.Build.0 = Debug|Any CPU
		{327DD284-6D4E-4299-9570-13DD7608DE50}.Release|Any CPU.ActiveCfg = Release|Any CPU
		{327DD284-6D4E-4299-9570-13DD7608DE50}.Release|Any CPU.Build.0 = Release|Any CPU
		{8BB3FF46-0892-4763-96C4-8501B0EA35F9}.Debug|Any CPU.ActiveCfg = Debug|Any CPU
		{8BB3FF46-0892-4763-96C4-8501B0EA35F9}.Debug|Any CPU.Build.0 = Debug|Any CPU
		{8BB3FF46-0892-4763-96C4-8501B0EA35F9}.Release|Any CPU.ActiveCfg = Release|Any CPU
		{8BB3FF46-0892-4763-96C4-8501B0EA35F9}.Release|Any CPU.Build.0 = Release|Any CPU
		{4F3E0A82-DD03-4F77-8575-855B9481475B}.Debug|Any CPU.ActiveCfg = Debug|Any CPU
		{4F3E0A82-DD03-4F77-8575-855B9481475B}.Debug|Any CPU.Build.0 = Debug|Any CPU
		{4F3E0A82-DD03-4F77-8575-855B9481475B}.Debug|Any CPU.Deploy.0 = Debug|Any CPU
		{4F3E0A82-DD03-4F77-8575-855B9481475B}.Release|Any CPU.ActiveCfg = Release|Any CPU
		{4F3E0A82-DD03-4F77-8575-855B9481475B}.Release|Any CPU.Build.0 = Release|Any CPU
		{4F3E0A82-DD03-4F77-8575-855B9481475B}.Release|Any CPU.Deploy.0 = Release|Any CPU
	EndGlobalSection
	GlobalSection(SolutionProperties) = preSolution
		HideSolutionNode = FALSE
	EndGlobalSection
	GlobalSection(NestedProjects) = preSolution
		{E204594D-3E7E-4EBA-8441-87560A5C02C4} = {C87AF401-6CB2-4E53-8F5F-8E555FF98333}
		{BDC43A74-7059-42A1-8928-B5EFE8350BD0} = {733A9DC5-8F1A-4056-BAEA-EFF4A3F3E726}
		{0A716609-3C39-4B71-8B39-2CF59704F9D8} = {052FF94E-0C3E-4984-A4AC-B49F9F96C79B}
		{436CFDBA-5470-492A-BF73-CAC81FFB708E} = {02B9ABF6-5351-4EED-8153-152B695C7D4D}
		{327DD284-6D4E-4299-9570-13DD7608DE50} = {6FD1F4D5-2B95-4A61-8394-00B8F0640B17}
		{8BB3FF46-0892-4763-96C4-8501B0EA35F9} = {C87AF401-6CB2-4E53-8F5F-8E555FF98333}
		{4F3E0A82-DD03-4F77-8575-855B9481475B} = {C87AF401-6CB2-4E53-8F5F-8E555FF98333}
		{F5A2A400-C955-4D11-8436-2D26A2C195C0} = {EB87FDBE-CC7F-4AD6-BD06-1425586DEEDD}
		{C4B2019D-D746-49D3-A248-3E3C602BCFA4} = {F5A2A400-C955-4D11-8436-2D26A2C195C0}
		{3D383B1E-D7C4-4915-9D43-6A064B3ACA2D} = {EB87FDBE-CC7F-4AD6-BD06-1425586DEEDD}
	EndGlobalSection
	GlobalSection(ExtensibilityGlobals) = postSolution
		SolutionGuid = {C1C5D5BC-124E-4706-BF7E-E08EA154F827}
	EndGlobalSection
EndGlobal
