{
  "version": 1,
  "dependencies": {
    "net10.0": {
      "Neolution.CodeAnalysis": {
        "type": "Direct",
        "requested": "[3.2.2, )",
        "resolved": "3.2.2",
        "contentHash": "9eBWPh7DNlBje/vH1q5Z4Q5FjwahYavPE2NsJO78IRcQ0xDrhor2FY8DxLA26BsweMqn4Ej0cN5dnyFexjl+ww==",
        "dependencies": {
          "SonarAnalyzer.CSharp": "9.20.0.85982",
          "StyleCop.Analyzers.Unstable": "1.2.0.556"
        }
      },
      "System.ComponentModel.Annotations": {
        "type": "Direct",
        "requested": "[5.0.0, )",
        "resolved": "5.0.0",
        "contentHash": "dMkqfy2el8A8/I76n2Hi1oBFEbG1SfxD2l5nhwXV3XjlnOmwxJlQbYpJH4W51odnU9sARCSAgv7S3CyAFMkpYg=="
      },
      "SonarAnalyzer.CSharp": {
        "type": "Transitive",
        "resolved": "9.20.0.85982",
        "contentHash": "c0IYtFg4mYusTafTy0Bs5wev45vRKNShkuoWyQyPMbC6imEFHL7tY/7xbbUJd6JNLYx5vP8wyi2LgiBsMHqb2Q=="
      },
      "StyleCop.Analyzers.Unstable": {
        "type": "Transitive",
        "resolved": "1.2.0.556",
        "contentHash": "zvn9Mqs/ox/83cpYPignI8hJEM2A93s2HkHs8HYMOAQW0PkampyoErAiIyKxgTLqbbad29HX/shv/6LGSjPJNQ=="
      }
    }
  }
}